
Microsoft Visual Studio Solution File, Format Version 12.00
# Visual Studio 15
VisualStudioVersion = 15.0.27130.2036
MinimumVisualStudioVersion = 10.0.40219.1
Project("{9A19103F-16F7-4668-BE54-9A1E7A4F7556}") = "StockSling", "StockSling\StockSling.csproj", "{B117DF5F-C8CE-4379-AA49-52C737DBEE52}"
EndProject
Project("{FAE04EC0-301F-11D3-BF4B-00C04F79EFBC}") = "StockSlingBusiness", "StockSlingBusiness\StockSlingBusiness.csproj", "{4DC8C9AB-4AA3-470E-8512-560AF427EA77}"
EndProject
Project("{FAE04EC0-301F-11D3-BF4B-00C04F79EFBC}") = "StockSlingData", "StockSlingData\StockSlingData.csproj", "{E5A8A036-47E3-440D-AA29-DB521637DB51}"
EndProject
Global
	GlobalSection(SolutionConfigurationPlatforms) = preSolution
		Debug|Any CPU = Debug|Any CPU
		Release|Any CPU = Release|Any CPU
	EndGlobalSection
	GlobalSection(ProjectConfigurationPlatforms) = postSolution
		{B117DF5F-C8CE-4379-AA49-52C737DBEE52}.Debug|Any CPU.ActiveCfg = Debug|Any CPU
		{B117DF5F-C8CE-4379-AA49-52C737DBEE52}.Debug|Any CPU.Build.0 = Debug|Any CPU
		{B117DF5F-C8CE-4379-AA49-52C737DBEE52}.Release|Any CPU.ActiveCfg = Release|Any CPU
		{B117DF5F-C8CE-4379-AA49-52C737DBEE52}.Release|Any CPU.Build.0 = Release|Any CPU
		{4DC8C9AB-4AA3-470E-8512-560AF427EA77}.Debug|Any CPU.ActiveCfg = Debug|Any CPU
		{4DC8C9AB-4AA3-470E-8512-560AF427EA77}.Debug|Any CPU.Build.0 = Debug|Any CPU
		{4DC8C9AB-4AA3-470E-8512-560AF427EA77}.Release|Any CPU.ActiveCfg = Release|Any CPU
		{4DC8C9AB-4AA3-470E-8512-560AF427EA77}.Release|Any CPU.Build.0 = Release|Any CPU
		{E5A8A036-47E3-440D-AA29-DB521637DB51}.Debug|Any CPU.ActiveCfg = Debug|Any CPU
		{E5A8A036-47E3-440D-AA29-DB521637DB51}.Debug|Any CPU.Build.0 = Debug|Any CPU
		{E5A8A036-47E3-440D-AA29-DB521637DB51}.Release|Any CPU.ActiveCfg = Release|Any CPU
		{E5A8A036-47E3-440D-AA29-DB521637DB51}.Release|Any CPU.Build.0 = Release|Any CPU
	EndGlobalSection
	GlobalSection(SolutionProperties) = preSolution
		HideSolutionNode = FALSE
	EndGlobalSection
	GlobalSection(ExtensibilityGlobals) = postSolution
		SolutionGuid = {CB1A6D26-2D9F-4FB2-B37F-63E1D53D86D1}
	EndGlobalSection
EndGlobal
